# THIS IS AN AUTOGENERATED FILE. DO NOT EDIT THIS FILE DIRECTLY.
# yarn lockfile v1


async-validator@~1.8.1:
  version "1.8.5"
  resolved "https://registry.npmmirror.com/async-validator/-/async-validator-1.8.5.tgz"
  integrity sha512-tXBM+1m056MAX0E8TL2iCjg8WvSyXu0Zc8LNtYqrVeyoL3+esHRZ4SieE9fKQyyU09uONjnMEjrNBMqT0mbvmA==
  dependencies:
    babel-runtime "6.x"

babel-helper-vue-jsx-merge-props@^2.0.0:
  version "2.0.3"
  resolved "https://registry.npmmirror.com/babel-helper-vue-jsx-merge-props/-/babel-helper-vue-jsx-merge-props-2.0.3.tgz"
  integrity sha512-gsLiKK7Qrb7zYJNgiXKpXblxbV5ffSwR0f5whkPAaBAR4fhi6bwRZxX9wBlIc5M/v8CCkXUbXZL4N/nSE97cqg==

babel-runtime@6.x:
  version "6.26.0"
  resolved "https://registry.npmmirror.com/babel-runtime/-/babel-runtime-6.26.0.tgz"
  integrity sha512-ITKNuq2wKlW1fJg9sSW52eepoYgZBggvOAHC0u/CYu/qxQ9EVzThCgR69BnSXLHjy2f7SY5zaQ4yt7H9ZVxY2g==
  dependencies:
    core-js "^2.4.0"
    regenerator-runtime "^0.11.0"

core-js@^2.4.0:
  version "2.6.12"
  resolved "https://registry.npmmirror.com/core-js/-/core-js-2.6.12.tgz"
  integrity sha512-Kb2wC0fvsWfQrgk8HU5lW6U/Lcs8+9aaYcy4ZFc6DDlo4nZ7n70dEgE5rtR0oG6ufKDUnrwfWL1mXR5ljDatrQ==

deepmerge@^1.2.0:
  version "1.5.2"
  resolved "https://registry.npmmirror.com/deepmerge/-/deepmerge-1.5.2.tgz"
  integrity sha512-95k0GDqvBjZavkuvzx/YqVLv/6YYa17fz6ILMSf7neqQITCPbnfEnQvEgMPNjH4kgobe7+WIL0yJEHku+H3qtQ==

echarts@^5.4.2:
  version "5.4.3"
  resolved "https://registry.npmmirror.com/echarts/-/echarts-5.4.3.tgz"
  integrity sha512-mYKxLxhzy6zyTi/FaEbJMOZU1ULGEQHaeIeuMR5L+JnJTpz+YR03mnnpBhbR4+UYJAgiXgpyTVLffPAjOTLkZA==
  dependencies:
    tslib "2.3.0"
    zrender "5.4.4"

element-ui@^2.15.13:
  version "2.15.13"
  resolved "https://registry.npmmirror.com/element-ui/-/element-ui-2.15.13.tgz"
  integrity sha512-LJoatEYX6WV74FqXBss8Xfho9fh9rjDSzrDrTyREdGb1h1R3uRvmLh5jqp2JU137aj4/BgqA3K06RQpQBX33Bg==
  dependencies:
    async-validator "~1.8.1"
    babel-helper-vue-jsx-merge-props "^2.0.0"
    deepmerge "^1.2.0"
    normalize-wheel "^1.0.1"
    resize-observer-polyfill "^1.5.0"
    throttle-debounce "^1.0.1"

normalize-wheel@^1.0.1:
  version "1.0.1"
  resolved "https://registry.npmmirror.com/normalize-wheel/-/normalize-wheel-1.0.1.tgz"
  integrity sha512-1OnlAPZ3zgrk8B91HyRj+eVv+kS5u+Z0SCsak6Xil/kmgEia50ga7zfkumayonZrImffAxPU/5WcyGhzetHNPA==

regenerator-runtime@^0.11.0:
  version "0.11.1"
  resolved "https://registry.npmmirror.com/regenerator-runtime/-/regenerator-runtime-0.11.1.tgz"
  integrity sha512-MguG95oij0fC3QV3URf4V2SDYGJhJnJGqvIIgdECeODCT98wSWDAJ94SSuVpYQUoTcGUIL6L4yNB7j1DFFHSBg==

resize-observer-polyfill@^1.5.0:
  version "1.5.1"
  resolved "https://registry.npmmirror.com/resize-observer-polyfill/-/resize-observer-polyfill-1.5.1.tgz"
  integrity sha512-LwZrotdHOo12nQuZlHEmtuXdqGoOD0OhaxopaNFxWzInpEgaLWoVuAMbTzixuosCx2nEG58ngzW3vxdWoxIgdg==

smooth-dnd@0.12.1:
  version "0.12.1"
  resolved "https://registry.npmmirror.com/smooth-dnd/-/smooth-dnd-0.12.1.tgz"
  integrity sha512-Dndj/MOG7VP83mvzfGCLGzV2HuK1lWachMtWl/Iuk6zV7noDycIBnflwaPuDzoaapEl3Pc4+ybJArkkx9sxPZg==

throttle-debounce@^1.0.1:
  version "1.1.0"
  resolved "https://registry.npmmirror.com/throttle-debounce/-/throttle-debounce-1.1.0.tgz"
  integrity sha512-XH8UiPCQcWNuk2LYePibW/4qL97+ZQ1AN3FNXwZRBNPPowo/NRU5fAlDCSNBJIYCKbioZfuYtMhG4quqoJhVzg==

tslib@2.3.0:
  version "2.3.0"
  resolved "https://registry.npmmirror.com/tslib/-/tslib-2.3.0.tgz"
  integrity sha512-N82ooyxVNm6h1riLCoyS9e3fuJ3AMG2zIZs2Gd1ATcSFjSA23Q0fzjjZeh0jbJvWVDZ0cJT8yaNNaaXHzueNjg==

vue-smooth-dnd@^0.8.1:
  version "0.8.1"
  resolved "https://registry.npmmirror.com/vue-smooth-dnd/-/vue-smooth-dnd-0.8.1.tgz"
  integrity sha512-eZVVPTwz4A1cs0+CjXx/ihV+gAl3QBoWQnU6+23Gp59t0WBU99z7ducBQ4FvjBamqOlg8SDOE5eFHQedxwB4Wg==
  dependencies:
    smooth-dnd "0.12.1"

zrender@5.4.4:
  version "5.4.4"
  resolved "https://registry.npmmirror.com/zrender/-/zrender-5.4.4.tgz"
  integrity sha512-0VxCNJ7AGOMCWeHVyTrGzUgrK4asT4ml9PEkeGirAkKNYXYzoPJCLvmyfdoOXcjTHPs10OZVMfD1Rwg16AZyYw==
  dependencies:
    tslib "2.3.0"
